
Microsoft Visual Studio Solution File, Format Version 12.00
# Visual Studio Version 17
VisualStudioVersion = 17.1.32414.318
MinimumVisualStudioVersion = 10.0.40219.1
Project("{FAE04EC0-301F-11D3-BF4B-00C04F79EFBC}") = "intro.entity.framework.core", "intro.entity.framework.core\intro.entity.framework.core.csproj", "{4011B92A-5C7A-4730-9FF4-E4B9D6035102}"
EndProject
Project("{2150E333-8FDC-42A3-9474-1A3956D46DE8}") = "Library", "Library", "{3067422C-7510-44D0-9B84-16126A036CE7}"
EndProject
Project("{FAE04EC0-301F-11D3-BF4B-00C04F79EFBC}") = "intro.entity.framework.core.Domain", "intro.entity.framework.core.Domain\intro.entity.framework.core.Domain.csproj", "{87A0D6B5-B54C-4DE9-B030-7C7B5CB1CD50}"
EndProject
Global
	GlobalSection(SolutionConfigurationPlatforms) = preSolution
		Debug|Any CPU = Debug|Any CPU
		Release|Any CPU = Release|Any CPU
	EndGlobalSection
	GlobalSection(ProjectConfigurationPlatforms) = postSolution
		{4011B92A-5C7A-4730-9FF4-E4B9D6035102}.Debug|Any CPU.ActiveCfg = Debug|Any CPU
		{4011B92A-5C7A-4730-9FF4-E4B9D6035102}.Debug|Any CPU.Build.0 = Debug|Any CPU
		{4011B92A-5C7A-4730-9FF4-E4B9D6035102}.Release|Any CPU.ActiveCfg = Release|Any CPU
		{4011B92A-5C7A-4730-9FF4-E4B9D6035102}.Release|Any CPU.Build.0 = Release|Any CPU
		{87A0D6B5-B54C-4DE9-B030-7C7B5CB1CD50}.Debug|Any CPU.ActiveCfg = Debug|Any CPU
		{87A0D6B5-B54C-4DE9-B030-7C7B5CB1CD50}.Debug|Any CPU.Build.0 = Debug|Any CPU
		{87A0D6B5-B54C-4DE9-B030-7C7B5CB1CD50}.Release|Any CPU.ActiveCfg = Release|Any CPU
		{87A0D6B5-B54C-4DE9-B030-7C7B5CB1CD50}.Release|Any CPU.Build.0 = Release|Any CPU
	EndGlobalSection
	GlobalSection(SolutionProperties) = preSolution
		HideSolutionNode = FALSE
	EndGlobalSection
	GlobalSection(NestedProjects) = preSolution
		{87A0D6B5-B54C-4DE9-B030-7C7B5CB1CD50} = {3067422C-7510-44D0-9B84-16126A036CE7}
	EndGlobalSection
	GlobalSection(ExtensibilityGlobals) = postSolution
		SolutionGuid = {74360767-7C0A-42B1-9A7E-5BF418FBD3EB}
	EndGlobalSection
EndGlobal
